// !$*UTF8*$!
{
	archiveVersion = 1;
	classes = {
	};
	objectVersion = 50;
	objects = {

/* Begin PBXBuildFile section */
		0A12434523C7B85F00A2892D /* ApiPeople.swift in Sources */ = {isa = PBXBuildFile; fileRef = 0A12434423C7B85F00A2892D /* ApiPeople.swift */; };
		0A31C49523CE5DE9009CA5C5 /* DoubleExtension.swift in Sources */ = {isa = PBXBuildFile; fileRef = 0A31C49423CE5DE9009CA5C5 /* DoubleExtension.swift */; };
		0A31C49823CE6252009CA5C5 /* PeopleGateway.swift in Sources */ = {isa = PBXBuildFile; fileRef = 0A31C49723CE6252009CA5C5 /* PeopleGateway.swift */; };
		0A31C49B23CE6414009CA5C5 /* ApiPeopleGateway.swift in Sources */ = {isa = PBXBuildFile; fileRef = 0A31C49A23CE6414009CA5C5 /* ApiPeopleGateway.swift */; };
		0A31C49D23CE65AC009CA5C5 /* Constants.swift in Sources */ = {isa = PBXBuildFile; fileRef = 0A31C49C23CE65AC009CA5C5 /* Constants.swift */; };
		0A31FBC323D0D5E7006A9049 /* ApiPeopleGatewaySpy.swift in Sources */ = {isa = PBXBuildFile; fileRef = 0A31FBC223D0D5E7006A9049 /* ApiPeopleGatewaySpy.swift */; };
		0A31FBC523D0D6AF006A9049 /* NSErrorExtension.swift in Sources */ = {isa = PBXBuildFile; fileRef = 0A31FBC423D0D6AF006A9049 /* NSErrorExtension.swift */; };
		0A31FBC823D0D725006A9049 /* ApiSessionConfigStub.swift in Sources */ = {isa = PBXBuildFile; fileRef = 0A31FBC723D0D725006A9049 /* ApiSessionConfigStub.swift */; };
		0A31FBCA23D0D94C006A9049 /* ApiClientTests.swift in Sources */ = {isa = PBXBuildFile; fileRef = 0A31FBC923D0D94C006A9049 /* ApiClientTests.swift */; };
		0A31FBCE23D0E507006A9049 /* PeopleTableViewControllerTests.swift in Sources */ = {isa = PBXBuildFile; fileRef = 0A31FBCD23D0E507006A9049 /* PeopleTableViewControllerTests.swift */; };
		0A31FBD123D0E587006A9049 /* PeopleExtension.swift in Sources */ = {isa = PBXBuildFile; fileRef = 0A31FBD023D0E587006A9049 /* PeopleExtension.swift */; };
		0A33A13323D11CF900349360 /* ApiClientStub.swift in Sources */ = {isa = PBXBuildFile; fileRef = 0A33A13223D11CF900349360 /* ApiClientStub.swift */; };
		0A36AADC23CFA388006455C3 /* SearchPeopleTableViewController.swift in Sources */ = {isa = PBXBuildFile; fileRef = 0A36AADB23CFA388006455C3 /* SearchPeopleTableViewController.swift */; };
		0A36AAE023CFA49D006455C3 /* PeopleTableViewCell.swift in Sources */ = {isa = PBXBuildFile; fileRef = 0A36AADF23CFA49D006455C3 /* PeopleTableViewCell.swift */; };
		0A36AAE323CFB3ED006455C3 /* PersonDetailViewController.swift in Sources */ = {isa = PBXBuildFile; fileRef = 0A36AAE223CFB3ED006455C3 /* PersonDetailViewController.swift */; };
		0A36AAE523CFBEBD006455C3 /* PeopleTableViewController.swift in Sources */ = {isa = PBXBuildFile; fileRef = 0A36AAE423CFBEBD006455C3 /* PeopleTableViewController.swift */; };
		0A36AAE723CFC014006455C3 /* AbstractPeopleTableViewController.swift in Sources */ = {isa = PBXBuildFile; fileRef = 0A36AAE623CFC014006455C3 /* AbstractPeopleTableViewController.swift */; };
		0A3B0DB023CD121700FE509C /* Result.swift in Sources */ = {isa = PBXBuildFile; fileRef = 0A3B0DAF23CD121700FE509C /* Result.swift */; };
		0A3B0DB223CD132500FE509C /* ApiClient.swift in Sources */ = {isa = PBXBuildFile; fileRef = 0A3B0DB123CD132500FE509C /* ApiClient.swift */; };
		0A3B0DB523CD188E00FE509C /* ApiResponse.swift in Sources */ = {isa = PBXBuildFile; fileRef = 0A3B0DB423CD188E00FE509C /* ApiResponse.swift */; };
		0A3B0DB923CD1DDC00FE509C /* DateExtension.swift in Sources */ = {isa = PBXBuildFile; fileRef = 0A3B0DB823CD1DDC00FE509C /* DateExtension.swift */; };
		0A3B0DC023CD20D700FE509C /* PeopleRequest.swift in Sources */ = {isa = PBXBuildFile; fileRef = 0A3B0DBF23CD20D700FE509C /* PeopleRequest.swift */; };
		0A48907923CA0ECD00EE3B67 /* CardView.swift in Sources */ = {isa = PBXBuildFile; fileRef = 0A48907823CA0ECD00EE3B67 /* CardView.swift */; };
		0A54D42E23C5384200CE95CC /* AppDelegate.swift in Sources */ = {isa = PBXBuildFile; fileRef = 0A54D42D23C5384200CE95CC /* AppDelegate.swift */; };
		0A54D43023C5384200CE95CC /* SceneDelegate.swift in Sources */ = {isa = PBXBuildFile; fileRef = 0A54D42F23C5384200CE95CC /* SceneDelegate.swift */; };
		0A54D43523C5384200CE95CC /* Main.storyboard in Resources */ = {isa = PBXBuildFile; fileRef = 0A54D43323C5384200CE95CC /* Main.storyboard */; };
		0A54D43723C5384400CE95CC /* Assets.xcassets in Resources */ = {isa = PBXBuildFile; fileRef = 0A54D43623C5384400CE95CC /* Assets.xcassets */; };
		0A54D43A23C5384400CE95CC /* LaunchScreen.storyboard in Resources */ = {isa = PBXBuildFile; fileRef = 0A54D43823C5384400CE95CC /* LaunchScreen.storyboard */; };
		0A54D44523C5384400CE95CC /* MayTheForceBeWith_LucasSantosTests.swift in Sources */ = {isa = PBXBuildFile; fileRef = 0A54D44423C5384400CE95CC /* MayTheForceBeWith_LucasSantosTests.swift */; };
		0A54D45023C5384400CE95CC /* MayTheForceBeWith_LucasSantosUITests.swift in Sources */ = {isa = PBXBuildFile; fileRef = 0A54D44F23C5384400CE95CC /* MayTheForceBeWith_LucasSantosUITests.swift */; };
		0A73BC6D23CE7666002DCF6D /* ViewControllerExtension.swift in Sources */ = {isa = PBXBuildFile; fileRef = 0A73BC6C23CE7666002DCF6D /* ViewControllerExtension.swift */; };
/* End PBXBuildFile section */

/* Begin PBXContainerItemProxy section */
		0A54D44123C5384400CE95CC /* PBXContainerItemProxy */ = {
			isa = PBXContainerItemProxy;
			containerPortal = 0A54D42223C5384200CE95CC /* Project object */;
			proxyType = 1;
			remoteGlobalIDString = 0A54D42923C5384200CE95CC;
			remoteInfo = MayTheForceBeWith_LucasSantos;
		};
		0A54D44C23C5384400CE95CC /* PBXContainerItemProxy */ = {
			isa = PBXContainerItemProxy;
			containerPortal = 0A54D42223C5384200CE95CC /* Project object */;
			proxyType = 1;
			remoteGlobalIDString = 0A54D42923C5384200CE95CC;
			remoteInfo = MayTheForceBeWith_LucasSantos;
		};
/* End PBXContainerItemProxy section */

/* Begin PBXFileReference section */
		0A12434423C7B85F00A2892D /* ApiPeople.swift */ = {isa = PBXFileReference; lastKnownFileType = sourcecode.swift; path = ApiPeople.swift; sourceTree = "<group>"; };
		0A31C49423CE5DE9009CA5C5 /* DoubleExtension.swift */ = {isa = PBXFileReference; lastKnownFileType = sourcecode.swift; path = DoubleExtension.swift; sourceTree = "<group>"; };
		0A31C49723CE6252009CA5C5 /* PeopleGateway.swift */ = {isa = PBXFileReference; lastKnownFileType = sourcecode.swift; path = PeopleGateway.swift; sourceTree = "<group>"; };
		0A31C49A23CE6414009CA5C5 /* ApiPeopleGateway.swift */ = {isa = PBXFileReference; lastKnownFileType = sourcecode.swift; path = ApiPeopleGateway.swift; sourceTree = "<group>"; };
		0A31C49C23CE65AC009CA5C5 /* Constants.swift */ = {isa = PBXFileReference; lastKnownFileType = sourcecode.swift; path = Constants.swift; sourceTree = "<group>"; };
		0A31FBC223D0D5E7006A9049 /* ApiPeopleGatewaySpy.swift */ = {isa = PBXFileReference; lastKnownFileType = sourcecode.swift; path = ApiPeopleGatewaySpy.swift; sourceTree = "<group>"; };
		0A31FBC423D0D6AF006A9049 /* NSErrorExtension.swift */ = {isa = PBXFileReference; lastKnownFileType = sourcecode.swift; path = NSErrorExtension.swift; sourceTree = "<group>"; };
		0A31FBC723D0D725006A9049 /* ApiSessionConfigStub.swift */ = {isa = PBXFileReference; lastKnownFileType = sourcecode.swift; path = ApiSessionConfigStub.swift; sourceTree = "<group>"; };
		0A31FBC923D0D94C006A9049 /* ApiClientTests.swift */ = {isa = PBXFileReference; lastKnownFileType = sourcecode.swift; path = ApiClientTests.swift; sourceTree = "<group>"; };
		0A31FBCD23D0E507006A9049 /* PeopleTableViewControllerTests.swift */ = {isa = PBXFileReference; lastKnownFileType = sourcecode.swift; path = PeopleTableViewControllerTests.swift; sourceTree = "<group>"; };
		0A31FBD023D0E587006A9049 /* PeopleExtension.swift */ = {isa = PBXFileReference; lastKnownFileType = sourcecode.swift; path = PeopleExtension.swift; sourceTree = "<group>"; };
		0A33A13223D11CF900349360 /* ApiClientStub.swift */ = {isa = PBXFileReference; lastKnownFileType = sourcecode.swift; path = ApiClientStub.swift; sourceTree = "<group>"; };
		0A36AADB23CFA388006455C3 /* SearchPeopleTableViewController.swift */ = {isa = PBXFileReference; lastKnownFileType = sourcecode.swift; path = SearchPeopleTableViewController.swift; sourceTree = "<group>"; };
		0A36AADF23CFA49D006455C3 /* PeopleTableViewCell.swift */ = {isa = PBXFileReference; lastKnownFileType = sourcecode.swift; path = PeopleTableViewCell.swift; sourceTree = "<group>"; };
		0A36AAE223CFB3ED006455C3 /* PersonDetailViewController.swift */ = {isa = PBXFileReference; lastKnownFileType = sourcecode.swift; path = PersonDetailViewController.swift; sourceTree = "<group>"; };
		0A36AAE423CFBEBD006455C3 /* PeopleTableViewController.swift */ = {isa = PBXFileReference; lastKnownFileType = sourcecode.swift; path = PeopleTableViewController.swift; sourceTree = "<group>"; };
		0A36AAE623CFC014006455C3 /* AbstractPeopleTableViewController.swift */ = {isa = PBXFileReference; lastKnownFileType = sourcecode.swift; path = AbstractPeopleTableViewController.swift; sourceTree = "<group>"; };
		0A3B0DAF23CD121700FE509C /* Result.swift */ = {isa = PBXFileReference; lastKnownFileType = sourcecode.swift; path = Result.swift; sourceTree = "<group>"; };
		0A3B0DB123CD132500FE509C /* ApiClient.swift */ = {isa = PBXFileReference; lastKnownFileType = sourcecode.swift; path = ApiClient.swift; sourceTree = "<group>"; };
		0A3B0DB423CD188E00FE509C /* ApiResponse.swift */ = {isa = PBXFileReference; lastKnownFileType = sourcecode.swift; path = ApiResponse.swift; sourceTree = "<group>"; };
		0A3B0DB823CD1DDC00FE509C /* DateExtension.swift */ = {isa = PBXFileReference; lastKnownFileType = sourcecode.swift; path = DateExtension.swift; sourceTree = "<group>"; };
		0A3B0DBF23CD20D700FE509C /* PeopleRequest.swift */ = {isa = PBXFileReference; lastKnownFileType = sourcecode.swift; path = PeopleRequest.swift; sourceTree = "<group>"; };
		0A48907823CA0ECD00EE3B67 /* CardView.swift */ = {isa = PBXFileReference; lastKnownFileType = sourcecode.swift; path = CardView.swift; sourceTree = "<group>"; };
		0A54D42A23C5384200CE95CC /* MayTheForceBeWith_LucasSantos.app */ = {isa = PBXFileReference; explicitFileType = wrapper.application; includeInIndex = 0; path = MayTheForceBeWith_LucasSantos.app; sourceTree = BUILT_PRODUCTS_DIR; };
		0A54D42D23C5384200CE95CC /* AppDelegate.swift */ = {isa = PBXFileReference; lastKnownFileType = sourcecode.swift; path = AppDelegate.swift; sourceTree = "<group>"; };
		0A54D42F23C5384200CE95CC /* SceneDelegate.swift */ = {isa = PBXFileReference; lastKnownFileType = sourcecode.swift; path = SceneDelegate.swift; sourceTree = "<group>"; };
		0A54D43423C5384200CE95CC /* Base */ = {isa = PBXFileReference; lastKnownFileType = file.storyboard; name = Base; path = Base.lproj/Main.storyboard; sourceTree = "<group>"; };
		0A54D43623C5384400CE95CC /* Assets.xcassets */ = {isa = PBXFileReference; lastKnownFileType = folder.assetcatalog; path = Assets.xcassets; sourceTree = "<group>"; };
		0A54D43923C5384400CE95CC /* Base */ = {isa = PBXFileReference; lastKnownFileType = file.storyboard; name = Base; path = Base.lproj/LaunchScreen.storyboard; sourceTree = "<group>"; };
		0A54D43B23C5384400CE95CC /* Info.plist */ = {isa = PBXFileReference; lastKnownFileType = text.plist.xml; path = Info.plist; sourceTree = "<group>"; };
		0A54D44023C5384400CE95CC /* MayTheForceBeWith_LucasSantosTests.xctest */ = {isa = PBXFileReference; explicitFileType = wrapper.cfbundle; includeInIndex = 0; path = MayTheForceBeWith_LucasSantosTests.xctest; sourceTree = BUILT_PRODUCTS_DIR; };
		0A54D44423C5384400CE95CC /* MayTheForceBeWith_LucasSantosTests.swift */ = {isa = PBXFileReference; lastKnownFileType = sourcecode.swift; path = MayTheForceBeWith_LucasSantosTests.swift; sourceTree = "<group>"; };
		0A54D44623C5384400CE95CC /* Info.plist */ = {isa = PBXFileReference; lastKnownFileType = text.plist.xml; path = Info.plist; sourceTree = "<group>"; };
		0A54D44B23C5384400CE95CC /* MayTheForceBeWith_LucasSantosUITests.xctest */ = {isa = PBXFileReference; explicitFileType = wrapper.cfbundle; includeInIndex = 0; path = MayTheForceBeWith_LucasSantosUITests.xctest; sourceTree = BUILT_PRODUCTS_DIR; };
		0A54D44F23C5384400CE95CC /* MayTheForceBeWith_LucasSantosUITests.swift */ = {isa = PBXFileReference; lastKnownFileType = sourcecode.swift; path = MayTheForceBeWith_LucasSantosUITests.swift; sourceTree = "<group>"; };
		0A54D45123C5384400CE95CC /* Info.plist */ = {isa = PBXFileReference; lastKnownFileType = text.plist.xml; path = Info.plist; sourceTree = "<group>"; };
		0A73BC6C23CE7666002DCF6D /* ViewControllerExtension.swift */ = {isa = PBXFileReference; lastKnownFileType = sourcecode.swift; path = ViewControllerExtension.swift; sourceTree = "<group>"; };
/* End PBXFileReference section */

/* Begin PBXFrameworksBuildPhase section */
		0A54D42723C5384200CE95CC /* Frameworks */ = {
			isa = PBXFrameworksBuildPhase;
			buildActionMask = 2147483647;
			files = (
			);
			runOnlyForDeploymentPostprocessing = 0;
		};
		0A54D43D23C5384400CE95CC /* Frameworks */ = {
			isa = PBXFrameworksBuildPhase;
			buildActionMask = 2147483647;
			files = (
			);
			runOnlyForDeploymentPostprocessing = 0;
		};
		0A54D44823C5384400CE95CC /* Frameworks */ = {
			isa = PBXFrameworksBuildPhase;
			buildActionMask = 2147483647;
			files = (
			);
			runOnlyForDeploymentPostprocessing = 0;
		};
/* End PBXFrameworksBuildPhase section */

/* Begin PBXGroup section */
		0A12434023C7B7A400A2892D /* Model */ = {
			isa = PBXGroup;
			children = (
				0A31C49623CE621E009CA5C5 /* Gateway */,
				0A3B0DB323CD187200FE509C /* API */,
			);
			path = Model;
			sourceTree = "<group>";
		};
		0A12434123C7B7B500A2892D /* View */ = {
			isa = PBXGroup;
			children = (
				0A48907723CA0EA600EE3B67 /* Shared */,
				0A36AADE23CFA468006455C3 /* People */,
			);
			path = View;
			sourceTree = "<group>";
		};
		0A12434223C7B7BD00A2892D /* Controller */ = {
			isa = PBXGroup;
			children = (
				0ADB6D7323CE75FD00FA314F /* Utils */,
				0A31C4A023CE6885009CA5C5 /* People */,
				0A36AAE123CFB3CC006455C3 /* PersonDetail */,
			);
			path = Controller;
			sourceTree = "<group>";
		};
		0A12434323C7B82F00A2892D /* Entities */ = {
			isa = PBXGroup;
			children = (
				0A12434423C7B85F00A2892D /* ApiPeople.swift */,
			);
			path = Entities;
			sourceTree = "<group>";
		};
		0A31C49623CE621E009CA5C5 /* Gateway */ = {
			isa = PBXGroup;
			children = (
				0A31C49723CE6252009CA5C5 /* PeopleGateway.swift */,
			);
			path = Gateway;
			sourceTree = "<group>";
		};
		0A31C49923CE63F8009CA5C5 /* Gateways */ = {
			isa = PBXGroup;
			children = (
				0A31C49A23CE6414009CA5C5 /* ApiPeopleGateway.swift */,
			);
			path = Gateways;
			sourceTree = "<group>";
		};
		0A31C4A023CE6885009CA5C5 /* People */ = {
			isa = PBXGroup;
			children = (
				0A36AAE623CFC014006455C3 /* AbstractPeopleTableViewController.swift */,
				0A36AAE423CFBEBD006455C3 /* PeopleTableViewController.swift */,
				0A36AADB23CFA388006455C3 /* SearchPeopleTableViewController.swift */,
			);
			path = People;
			sourceTree = "<group>";
		};
		0A31FBBE23D0C7F1006A9049 /* API */ = {
			isa = PBXGroup;
			children = (
				0A31FBBF23D0C819006A9049 /* Helpers */,
				0A31FBC923D0D94C006A9049 /* ApiClientTests.swift */,
			);
			path = API;
			sourceTree = "<group>";
		};
		0A31FBBF23D0C819006A9049 /* Helpers */ = {
			isa = PBXGroup;
			children = (
				0A31FBC623D0D717006A9049 /* Stubs */,
				0A31FBC023D0C82A006A9049 /* Gateways */,
				0A31FBC423D0D6AF006A9049 /* NSErrorExtension.swift */,
			);
			path = Helpers;
			sourceTree = "<group>";
		};
		0A31FBC023D0C82A006A9049 /* Gateways */ = {
			isa = PBXGroup;
			children = (
				0A31FBC223D0D5E7006A9049 /* ApiPeopleGatewaySpy.swift */,
			);
			path = Gateways;
			sourceTree = "<group>";
		};
		0A31FBC123D0CA96006A9049 /* Controllers */ = {
			isa = PBXGroup;
			children = (
				0A31FBCD23D0E507006A9049 /* PeopleTableViewControllerTests.swift */,
			);
			path = Controllers;
			sourceTree = "<group>";
		};
		0A31FBC623D0D717006A9049 /* Stubs */ = {
			isa = PBXGroup;
			children = (
				0A31FBC723D0D725006A9049 /* ApiSessionConfigStub.swift */,
				0A33A13223D11CF900349360 /* ApiClientStub.swift */,
			);
			path = Stubs;
			sourceTree = "<group>";
		};
		0A31FBCF23D0E577006A9049 /* Entities */ = {
			isa = PBXGroup;
			children = (
				0A31FBD023D0E587006A9049 /* PeopleExtension.swift */,
			);
			path = Entities;
			sourceTree = "<group>";
		};
		0A36AADE23CFA468006455C3 /* People */ = {
			isa = PBXGroup;
			children = (
				0A36AADF23CFA49D006455C3 /* PeopleTableViewCell.swift */,
			);
			path = People;
			sourceTree = "<group>";
		};
		0A36AAE123CFB3CC006455C3 /* PersonDetail */ = {
			isa = PBXGroup;
			children = (
				0A36AAE223CFB3ED006455C3 /* PersonDetailViewController.swift */,
			);
			path = PersonDetail;
			sourceTree = "<group>";
		};
		0A3B0DAE23CD11D700FE509C /* Application */ = {
			isa = PBXGroup;
			children = (
				0A54D42D23C5384200CE95CC /* AppDelegate.swift */,
				0A54D42F23C5384200CE95CC /* SceneDelegate.swift */,
				0A54D43323C5384200CE95CC /* Main.storyboard */,
				0A54D43623C5384400CE95CC /* Assets.xcassets */,
				0A54D43823C5384400CE95CC /* LaunchScreen.storyboard */,
				0A54D43B23C5384400CE95CC /* Info.plist */,
			);
			path = Application;
			sourceTree = "<group>";
		};
		0A3B0DB323CD187200FE509C /* API */ = {
			isa = PBXGroup;
			children = (
				0A31C49923CE63F8009CA5C5 /* Gateways */,
				0A12434323C7B82F00A2892D /* Entities */,
				0A3B0DBE23CD20B100FE509C /* Requests */,
				0A3B0DB623CD1DB300FE509C /* Utils */,
				0A3B0DAF23CD121700FE509C /* Result.swift */,
				0A3B0DB123CD132500FE509C /* ApiClient.swift */,
				0A3B0DB423CD188E00FE509C /* ApiResponse.swift */,
			);
			path = API;
			sourceTree = "<group>";
		};
		0A3B0DB623CD1DB300FE509C /* Utils */ = {
			isa = PBXGroup;
			children = (
				0A3B0DB823CD1DDC00FE509C /* DateExtension.swift */,
				0A31C49423CE5DE9009CA5C5 /* DoubleExtension.swift */,
				0A31C49C23CE65AC009CA5C5 /* Constants.swift */,
			);
			path = Utils;
			sourceTree = "<group>";
		};
		0A3B0DBE23CD20B100FE509C /* Requests */ = {
			isa = PBXGroup;
			children = (
				0A3B0DBF23CD20D700FE509C /* PeopleRequest.swift */,
			);
			path = Requests;
			sourceTree = "<group>";
		};
		0A48907723CA0EA600EE3B67 /* Shared */ = {
			isa = PBXGroup;
			children = (
				0A48907823CA0ECD00EE3B67 /* CardView.swift */,
			);
			path = Shared;
			sourceTree = "<group>";
		};
		0A54D42123C5384200CE95CC = {
			isa = PBXGroup;
			children = (
				0A54D42C23C5384200CE95CC /* MayTheForceBeWith_LucasSantos */,
				0A54D44323C5384400CE95CC /* MayTheForceBeWith_LucasSantosTests */,
				0A54D44E23C5384400CE95CC /* MayTheForceBeWith_LucasSantosUITests */,
				0A54D42B23C5384200CE95CC /* Products */,
			);
			sourceTree = "<group>";
		};
		0A54D42B23C5384200CE95CC /* Products */ = {
			isa = PBXGroup;
			children = (
				0A54D42A23C5384200CE95CC /* MayTheForceBeWith_LucasSantos.app */,
				0A54D44023C5384400CE95CC /* MayTheForceBeWith_LucasSantosTests.xctest */,
				0A54D44B23C5384400CE95CC /* MayTheForceBeWith_LucasSantosUITests.xctest */,
			);
			name = Products;
			sourceTree = "<group>";
		};
		0A54D42C23C5384200CE95CC /* MayTheForceBeWith_LucasSantos */ = {
			isa = PBXGroup;
			children = (
				0A3B0DAE23CD11D700FE509C /* Application */,
				0A12434223C7B7BD00A2892D /* Controller */,
				0A12434123C7B7B500A2892D /* View */,
				0A12434023C7B7A400A2892D /* Model */,
			);
			path = MayTheForceBeWith_LucasSantos;
			sourceTree = "<group>";
		};
		0A54D44323C5384400CE95CC /* MayTheForceBeWith_LucasSantosTests */ = {
			isa = PBXGroup;
			children = (
				0A31FBCF23D0E577006A9049 /* Entities */,
				0A31FBC123D0CA96006A9049 /* Controllers */,
				0A31FBBE23D0C7F1006A9049 /* API */,
				0A54D44423C5384400CE95CC /* MayTheForceBeWith_LucasSantosTests.swift */,
				0A54D44623C5384400CE95CC /* Info.plist */,
			);
			path = MayTheForceBeWith_LucasSantosTests;
			sourceTree = "<group>";
		};
		0A54D44E23C5384400CE95CC /* MayTheForceBeWith_LucasSantosUITests */ = {
			isa = PBXGroup;
			children = (
				0A54D44F23C5384400CE95CC /* MayTheForceBeWith_LucasSantosUITests.swift */,
				0A54D45123C5384400CE95CC /* Info.plist */,
			);
			path = MayTheForceBeWith_LucasSantosUITests;
			sourceTree = "<group>";
		};
		0ADB6D7323CE75FD00FA314F /* Utils */ = {
			isa = PBXGroup;
			children = (
				0A73BC6C23CE7666002DCF6D /* ViewControllerExtension.swift */,
			);
			path = Utils;
			sourceTree = "<group>";
		};
/* End PBXGroup section */

/* Begin PBXNativeTarget section */
		0A54D42923C5384200CE95CC /* MayTheForceBeWith_LucasSantos */ = {
			isa = PBXNativeTarget;
			buildConfigurationList = 0A54D45423C5384400CE95CC /* Build configuration list for PBXNativeTarget "MayTheForceBeWith_LucasSantos" */;
			buildPhases = (
				0A54D42623C5384200CE95CC /* Sources */,
				0A54D42723C5384200CE95CC /* Frameworks */,
				0A54D42823C5384200CE95CC /* Resources */,
			);
			buildRules = (
			);
			dependencies = (
			);
			name = MayTheForceBeWith_LucasSantos;
			productName = MayTheForceBeWith_LucasSantos;
			productReference = 0A54D42A23C5384200CE95CC /* MayTheForceBeWith_LucasSantos.app */;
			productType = "com.apple.product-type.application";
		};
		0A54D43F23C5384400CE95CC /* MayTheForceBeWith_LucasSantosTests */ = {
			isa = PBXNativeTarget;
			buildConfigurationList = 0A54D45723C5384400CE95CC /* Build configuration list for PBXNativeTarget "MayTheForceBeWith_LucasSantosTests" */;
			buildPhases = (
				0A54D43C23C5384400CE95CC /* Sources */,
				0A54D43D23C5384400CE95CC /* Frameworks */,
				0A54D43E23C5384400CE95CC /* Resources */,
			);
			buildRules = (
			);
			dependencies = (
				0A54D44223C5384400CE95CC /* PBXTargetDependency */,
			);
			name = MayTheForceBeWith_LucasSantosTests;
			productName = MayTheForceBeWith_LucasSantosTests;
			productReference = 0A54D44023C5384400CE95CC /* MayTheForceBeWith_LucasSantosTests.xctest */;
			productType = "com.apple.product-type.bundle.unit-test";
		};
		0A54D44A23C5384400CE95CC /* MayTheForceBeWith_LucasSantosUITests */ = {
			isa = PBXNativeTarget;
			buildConfigurationList = 0A54D45A23C5384400CE95CC /* Build configuration list for PBXNativeTarget "MayTheForceBeWith_LucasSantosUITests" */;
			buildPhases = (
				0A54D44723C5384400CE95CC /* Sources */,
				0A54D44823C5384400CE95CC /* Frameworks */,
				0A54D44923C5384400CE95CC /* Resources */,
			);
			buildRules = (
			);
			dependencies = (
				0A54D44D23C5384400CE95CC /* PBXTargetDependency */,
			);
			name = MayTheForceBeWith_LucasSantosUITests;
			productName = MayTheForceBeWith_LucasSantosUITests;
			productReference = 0A54D44B23C5384400CE95CC /* MayTheForceBeWith_LucasSantosUITests.xctest */;
			productType = "com.apple.product-type.bundle.ui-testing";
		};
/* End PBXNativeTarget section */

/* Begin PBXProject section */
		0A54D42223C5384200CE95CC /* Project object */ = {
			isa = PBXProject;
			attributes = {
				LastSwiftUpdateCheck = 1130;
				LastUpgradeCheck = 1130;
				ORGANIZATIONNAME = "Lucas  Felipe";
				TargetAttributes = {
					0A54D42923C5384200CE95CC = {
						CreatedOnToolsVersion = 11.3;
					};
					0A54D43F23C5384400CE95CC = {
						CreatedOnToolsVersion = 11.3;
						TestTargetID = 0A54D42923C5384200CE95CC;
					};
					0A54D44A23C5384400CE95CC = {
						CreatedOnToolsVersion = 11.3;
						TestTargetID = 0A54D42923C5384200CE95CC;
					};
				};
			};
			buildConfigurationList = 0A54D42523C5384200CE95CC /* Build configuration list for PBXProject "MayTheForceBeWith_LucasSantos" */;
			compatibilityVersion = "Xcode 9.3";
			developmentRegion = en;
			hasScannedForEncodings = 0;
			knownRegions = (
				en,
				Base,
			);
			mainGroup = 0A54D42123C5384200CE95CC;
			productRefGroup = 0A54D42B23C5384200CE95CC /* Products */;
			projectDirPath = "";
			projectRoot = "";
			targets = (
				0A54D42923C5384200CE95CC /* MayTheForceBeWith_LucasSantos */,
				0A54D43F23C5384400CE95CC /* MayTheForceBeWith_LucasSantosTests */,
				0A54D44A23C5384400CE95CC /* MayTheForceBeWith_LucasSantosUITests */,
			);
		};
/* End PBXProject section */

/* Begin PBXResourcesBuildPhase section */
		0A54D42823C5384200CE95CC /* Resources */ = {
			isa = PBXResourcesBuildPhase;
			buildActionMask = 2147483647;
			files = (
				0A54D43A23C5384400CE95CC /* LaunchScreen.storyboard in Resources */,
				0A54D43723C5384400CE95CC /* Assets.xcassets in Resources */,
				0A54D43523C5384200CE95CC /* Main.storyboard in Resources */,
			);
			runOnlyForDeploymentPostprocessing = 0;
		};
		0A54D43E23C5384400CE95CC /* Resources */ = {
			isa = PBXResourcesBuildPhase;
			buildActionMask = 2147483647;
			files = (
			);
			runOnlyForDeploymentPostprocessing = 0;
		};
		0A54D44923C5384400CE95CC /* Resources */ = {
			isa = PBXResourcesBuildPhase;
			buildActionMask = 2147483647;
			files = (
			);
			runOnlyForDeploymentPostprocessing = 0;
		};
/* End PBXResourcesBuildPhase section */

/* Begin PBXSourcesBuildPhase section */
		0A54D42623C5384200CE95CC /* Sources */ = {
			isa = PBXSourcesBuildPhase;
			buildActionMask = 2147483647;
			files = (
				0A31C49523CE5DE9009CA5C5 /* DoubleExtension.swift in Sources */,
				0A54D42E23C5384200CE95CC /* AppDelegate.swift in Sources */,
				0A36AAE023CFA49D006455C3 /* PeopleTableViewCell.swift in Sources */,
				0A3B0DB923CD1DDC00FE509C /* DateExtension.swift in Sources */,
				0A73BC6D23CE7666002DCF6D /* ViewControllerExtension.swift in Sources */,
				0A36AAE723CFC014006455C3 /* AbstractPeopleTableViewController.swift in Sources */,
				0A31C49823CE6252009CA5C5 /* PeopleGateway.swift in Sources */,
				0A36AAE323CFB3ED006455C3 /* PersonDetailViewController.swift in Sources */,
				0A3B0DB023CD121700FE509C /* Result.swift in Sources */,
				0A12434523C7B85F00A2892D /* ApiPeople.swift in Sources */,
				0A3B0DB523CD188E00FE509C /* ApiResponse.swift in Sources */,
				0A31C49D23CE65AC009CA5C5 /* Constants.swift in Sources */,
				0A48907923CA0ECD00EE3B67 /* CardView.swift in Sources */,
				0A36AAE523CFBEBD006455C3 /* PeopleTableViewController.swift in Sources */,
				0A3B0DC023CD20D700FE509C /* PeopleRequest.swift in Sources */,
				0A54D43023C5384200CE95CC /* SceneDelegate.swift in Sources */,
				0A31C49B23CE6414009CA5C5 /* ApiPeopleGateway.swift in Sources */,
				0A36AADC23CFA388006455C3 /* SearchPeopleTableViewController.swift in Sources */,
				0A3B0DB223CD132500FE509C /* ApiClient.swift in Sources */,
			);
			runOnlyForDeploymentPostprocessing = 0;
		};
		0A54D43C23C5384400CE95CC /* Sources */ = {
			isa = PBXSourcesBuildPhase;
			buildActionMask = 2147483647;
			files = (
				0A31FBCA23D0D94C006A9049 /* ApiClientTests.swift in Sources */,
				0A54D44523C5384400CE95CC /* MayTheForceBeWith_LucasSantosTests.swift in Sources */,
				0A31FBC323D0D5E7006A9049 /* ApiPeopleGatewaySpy.swift in Sources */,
				0A31FBC523D0D6AF006A9049 /* NSErrorExtension.swift in Sources */,
				0A31FBCE23D0E507006A9049 /* PeopleTableViewControllerTests.swift in Sources */,
				0A33A13323D11CF900349360 /* ApiClientStub.swift in Sources */,
				0A31FBD123D0E587006A9049 /* PeopleExtension.swift in Sources */,
				0A31FBC823D0D725006A9049 /* ApiSessionConfigStub.swift in Sources */,
			);
			runOnlyForDeploymentPostprocessing = 0;
		};
		0A54D44723C5384400CE95CC /* Sources */ = {
			isa = PBXSourcesBuildPhase;
			buildActionMask = 2147483647;
			files = (
				0A54D45023C5384400CE95CC /* MayTheForceBeWith_LucasSantosUITests.swift in Sources */,
			);
			runOnlyForDeploymentPostprocessing = 0;
		};
/* End PBXSourcesBuildPhase section */

/* Begin PBXTargetDependency section */
		0A54D44223C5384400CE95CC /* PBXTargetDependency */ = {
			isa = PBXTargetDependency;
			target = 0A54D42923C5384200CE95CC /* MayTheForceBeWith_LucasSantos */;
			targetProxy = 0A54D44123C5384400CE95CC /* PBXContainerItemProxy */;
		};
		0A54D44D23C5384400CE95CC /* PBXTargetDependency */ = {
			isa = PBXTargetDependency;
			target = 0A54D42923C5384200CE95CC /* MayTheForceBeWith_LucasSantos */;
			targetProxy = 0A54D44C23C5384400CE95CC /* PBXContainerItemProxy */;
		};
/* End PBXTargetDependency section */

/* Begin PBXVariantGroup section */
		0A54D43323C5384200CE95CC /* Main.storyboard */ = {
			isa = PBXVariantGroup;
			children = (
				0A54D43423C5384200CE95CC /* Base */,
			);
			name = Main.storyboard;
			sourceTree = "<group>";
		};
		0A54D43823C5384400CE95CC /* LaunchScreen.storyboard */ = {
			isa = PBXVariantGroup;
			children = (
				0A54D43923C5384400CE95CC /* Base */,
			);
			name = LaunchScreen.storyboard;
			sourceTree = "<group>";
		};
/* End PBXVariantGroup section */

/* Begin XCBuildConfiguration section */
		0A54D45223C5384400CE95CC /* Debug */ = {
			isa = XCBuildConfiguration;
			buildSettings = {
				ALWAYS_SEARCH_USER_PATHS = NO;
				CLANG_ANALYZER_NONNULL = YES;
				CLANG_ANALYZER_NUMBER_OBJECT_CONVERSION = YES_AGGRESSIVE;
				CLANG_CXX_LANGUAGE_STANDARD = "gnu++14";
				CLANG_CXX_LIBRARY = "libc++";
				CLANG_ENABLE_MODULES = YES;
				CLANG_ENABLE_OBJC_ARC = YES;
				CLANG_ENABLE_OBJC_WEAK = YES;
				CLANG_WARN_BLOCK_CAPTURE_AUTORELEASING = YES;
				CLANG_WARN_BOOL_CONVERSION = YES;
				CLANG_WARN_COMMA = YES;
				CLANG_WARN_CONSTANT_CONVERSION = YES;
				CLANG_WARN_DEPRECATED_OBJC_IMPLEMENTATIONS = YES;
				CLANG_WARN_DIRECT_OBJC_ISA_USAGE = YES_ERROR;
				CLANG_WARN_DOCUMENTATION_COMMENTS = YES;
				CLANG_WARN_EMPTY_BODY = YES;
				CLANG_WARN_ENUM_CONVERSION = YES;
				CLANG_WARN_INFINITE_RECURSION = YES;
				CLANG_WARN_INT_CONVERSION = YES;
				CLANG_WARN_NON_LITERAL_NULL_CONVERSION = YES;
				CLANG_WARN_OBJC_IMPLICIT_RETAIN_SELF = YES;
				CLANG_WARN_OBJC_LITERAL_CONVERSION = YES;
				CLANG_WARN_OBJC_ROOT_CLASS = YES_ERROR;
				CLANG_WARN_RANGE_LOOP_ANALYSIS = YES;
				CLANG_WARN_STRICT_PROTOTYPES = YES;
				CLANG_WARN_SUSPICIOUS_MOVE = YES;
				CLANG_WARN_UNGUARDED_AVAILABILITY = YES_AGGRESSIVE;
				CLANG_WARN_UNREACHABLE_CODE = YES;
				CLANG_WARN__DUPLICATE_METHOD_MATCH = YES;
				COPY_PHASE_STRIP = NO;
				DEBUG_INFORMATION_FORMAT = dwarf;
				ENABLE_STRICT_OBJC_MSGSEND = YES;
				ENABLE_TESTABILITY = YES;
				GCC_C_LANGUAGE_STANDARD = gnu11;
				GCC_DYNAMIC_NO_PIC = NO;
				GCC_NO_COMMON_BLOCKS = YES;
				GCC_OPTIMIZATION_LEVEL = 0;
				GCC_PREPROCESSOR_DEFINITIONS = (
					"DEBUG=1",
					"$(inherited)",
				);
				GCC_WARN_64_TO_32_BIT_CONVERSION = YES;
				GCC_WARN_ABOUT_RETURN_TYPE = YES_ERROR;
				GCC_WARN_UNDECLARED_SELECTOR = YES;
				GCC_WARN_UNINITIALIZED_AUTOS = YES_AGGRESSIVE;
				GCC_WARN_UNUSED_FUNCTION = YES;
				GCC_WARN_UNUSED_VARIABLE = YES;
				IPHONEOS_DEPLOYMENT_TARGET = 13.2;
				MTL_ENABLE_DEBUG_INFO = INCLUDE_SOURCE;
				MTL_FAST_MATH = YES;
				ONLY_ACTIVE_ARCH = YES;
				SDKROOT = iphoneos;
				SWIFT_ACTIVE_COMPILATION_CONDITIONS = DEBUG;
				SWIFT_OPTIMIZATION_LEVEL = "-Onone";
			};
			name = Debug;
		};
		0A54D45323C5384400CE95CC /* Release */ = {
			isa = XCBuildConfiguration;
			buildSettings = {
				ALWAYS_SEARCH_USER_PATHS = NO;
				CLANG_ANALYZER_NONNULL = YES;
				CLANG_ANALYZER_NUMBER_OBJECT_CONVERSION = YES_AGGRESSIVE;
				CLANG_CXX_LANGUAGE_STANDARD = "gnu++14";
				CLANG_CXX_LIBRARY = "libc++";
				CLANG_ENABLE_MODULES = YES;
				CLANG_ENABLE_OBJC_ARC = YES;
				CLANG_ENABLE_OBJC_WEAK = YES;
				CLANG_WARN_BLOCK_CAPTURE_AUTORELEASING = YES;
				CLANG_WARN_BOOL_CONVERSION = YES;
				CLANG_WARN_COMMA = YES;
				CLANG_WARN_CONSTANT_CONVERSION = YES;
				CLANG_WARN_DEPRECATED_OBJC_IMPLEMENTATIONS = YES;
				CLANG_WARN_DIRECT_OBJC_ISA_USAGE = YES_ERROR;
				CLANG_WARN_DOCUMENTATION_COMMENTS = YES;
				CLANG_WARN_EMPTY_BODY = YES;
				CLANG_WARN_ENUM_CONVERSION = YES;
				CLANG_WARN_INFINITE_RECURSION = YES;
				CLANG_WARN_INT_CONVERSION = YES;
				CLANG_WARN_NON_LITERAL_NULL_CONVERSION = YES;
				CLANG_WARN_OBJC_IMPLICIT_RETAIN_SELF = YES;
				CLANG_WARN_OBJC_LITERAL_CONVERSION = YES;
				CLANG_WARN_OBJC_ROOT_CLASS = YES_ERROR;
				CLANG_WARN_RANGE_LOOP_ANALYSIS = YES;
				CLANG_WARN_STRICT_PROTOTYPES = YES;
				CLANG_WARN_SUSPICIOUS_MOVE = YES;
				CLANG_WARN_UNGUARDED_AVAILABILITY = YES_AGGRESSIVE;
				CLANG_WARN_UNREACHABLE_CODE = YES;
				CLANG_WARN__DUPLICATE_METHOD_MATCH = YES;
				COPY_PHASE_STRIP = NO;
				DEBUG_INFORMATION_FORMAT = "dwarf-with-dsym";
				ENABLE_NS_ASSERTIONS = NO;
				ENABLE_STRICT_OBJC_MSGSEND = YES;
				GCC_C_LANGUAGE_STANDARD = gnu11;
				GCC_NO_COMMON_BLOCKS = YES;
				GCC_WARN_64_TO_32_BIT_CONVERSION = YES;
				GCC_WARN_ABOUT_RETURN_TYPE = YES_ERROR;
				GCC_WARN_UNDECLARED_SELECTOR = YES;
				GCC_WARN_UNINITIALIZED_AUTOS = YES_AGGRESSIVE;
				GCC_WARN_UNUSED_FUNCTION = YES;
				GCC_WARN_UNUSED_VARIABLE = YES;
				IPHONEOS_DEPLOYMENT_TARGET = 13.2;
				MTL_ENABLE_DEBUG_INFO = NO;
				MTL_FAST_MATH = YES;
				SDKROOT = iphoneos;
				SWIFT_COMPILATION_MODE = wholemodule;
				SWIFT_OPTIMIZATION_LEVEL = "-O";
				VALIDATE_PRODUCT = YES;
			};
			name = Release;
		};
		0A54D45523C5384400CE95CC /* Debug */ = {
			isa = XCBuildConfiguration;
			buildSettings = {
				ASSETCATALOG_COMPILER_APPICON_NAME = AppIcon;
				CODE_SIGN_STYLE = Automatic;
				INFOPLIST_FILE = "$(SRCROOT)/MayTheForceBeWith_LucasSantos/Application/Info.plist";
				IPHONEOS_DEPLOYMENT_TARGET = 13.2;
				LD_RUNPATH_SEARCH_PATHS = (
					"$(inherited)",
					"@executable_path/Frameworks",
				);
				PRODUCT_BUNDLE_IDENTIFIER = "com.org.MayTheForceBeWith-LucasSantos";
				PRODUCT_NAME = "$(TARGET_NAME)";
				SWIFT_VERSION = 5.0;
				TARGETED_DEVICE_FAMILY = "1,2";
			};
			name = Debug;
		};
		0A54D45623C5384400CE95CC /* Release */ = {
			isa = XCBuildConfiguration;
			buildSettings = {
				ASSETCATALOG_COMPILER_APPICON_NAME = AppIcon;
				CODE_SIGN_STYLE = Automatic;
				INFOPLIST_FILE = "$(SRCROOT)/MayTheForceBeWith_LucasSantos/Application/Info.plist";
				IPHONEOS_DEPLOYMENT_TARGET = 13.2;
				LD_RUNPATH_SEARCH_PATHS = (
					"$(inherited)",
					"@executable_path/Frameworks",
				);
				PRODUCT_BUNDLE_IDENTIFIER = "com.org.MayTheForceBeWith-LucasSantos";
				PRODUCT_NAME = "$(TARGET_NAME)";
				SWIFT_VERSION = 5.0;
				TARGETED_DEVICE_FAMILY = "1,2";
			};
			name = Release;
		};
		0A54D45823C5384400CE95CC /* Debug */ = {
			isa = XCBuildConfiguration;
			buildSettings = {
				ALWAYS_EMBED_SWIFT_STANDARD_LIBRARIES = YES;
				BUNDLE_LOADER = "$(TEST_HOST)";
				CODE_SIGN_STYLE = Automatic;
				INFOPLIST_FILE = MayTheForceBeWith_LucasSantosTests/Info.plist;
				IPHONEOS_DEPLOYMENT_TARGET = 13.2;
				LD_RUNPATH_SEARCH_PATHS = (
					"$(inherited)",
					"@executable_path/Frameworks",
					"@loader_path/Frameworks",
				);
				PRODUCT_BUNDLE_IDENTIFIER = "com.org.MayTheForceBeWith-LucasSantosTests";
				PRODUCT_NAME = "$(TARGET_NAME)";
				SWIFT_VERSION = 5.0;
				TARGETED_DEVICE_FAMILY = "1,2";
				TEST_HOST = "$(BUILT_PRODUCTS_DIR)/MayTheForceBeWith_LucasSantos.app/MayTheForceBeWith_LucasSantos";
			};
			name = Debug;
		};
		0A54D45923C5384400CE95CC /* Release */ = {
			isa = XCBuildConfiguration;
			buildSettings = {
				ALWAYS_EMBED_SWIFT_STANDARD_LIBRARIES = YES;
				BUNDLE_LOADER = "$(TEST_HOST)";
				CODE_SIGN_STYLE = Automatic;
				INFOPLIST_FILE = MayTheForceBeWith_LucasSantosTests/Info.plist;
				IPHONEOS_DEPLOYMENT_TARGET = 13.2;
				LD_RUNPATH_SEARCH_PATHS = (
					"$(inherited)",
					"@executable_path/Frameworks",
					"@loader_path/Frameworks",
				);
				PRODUCT_BUNDLE_IDENTIFIER = "com.org.MayTheForceBeWith-LucasSantosTests";
				PRODUCT_NAME = "$(TARGET_NAME)";
				SWIFT_VERSION = 5.0;
				TARGETED_DEVICE_FAMILY = "1,2";
				TEST_HOST = "$(BUILT_PRODUCTS_DIR)/MayTheForceBeWith_LucasSantos.app/MayTheForceBeWith_LucasSantos";
			};
			name = Release;
		};
		0A54D45B23C5384400CE95CC /* Debug */ = {
			isa = XCBuildConfiguration;
			buildSettings = {
				ALWAYS_EMBED_SWIFT_STANDARD_LIBRARIES = YES;
				CODE_SIGN_STYLE = Automatic;
				INFOPLIST_FILE = MayTheForceBeWith_LucasSantosUITests/Info.plist;
				LD_RUNPATH_SEARCH_PATHS = (
					"$(inherited)",
					"@executable_path/Frameworks",
					"@loader_path/Frameworks",
				);
				PRODUCT_BUNDLE_IDENTIFIER = "com.org.MayTheForceBeWith-LucasSantosUITests";
				PRODUCT_NAME = "$(TARGET_NAME)";
				SWIFT_VERSION = 5.0;
				TARGETED_DEVICE_FAMILY = "1,2";
				TEST_TARGET_NAME = MayTheForceBeWith_LucasSantos;
			};
			name = Debug;
		};
		0A54D45C23C5384400CE95CC /* Release */ = {
			isa = XCBuildConfiguration;
			buildSettings = {
				ALWAYS_EMBED_SWIFT_STANDARD_LIBRARIES = YES;
				CODE_SIGN_STYLE = Automatic;
				INFOPLIST_FILE = MayTheForceBeWith_LucasSantosUITests/Info.plist;
				LD_RUNPATH_SEARCH_PATHS = (
					"$(inherited)",
					"@executable_path/Frameworks",
					"@loader_path/Frameworks",
				);
				PRODUCT_BUNDLE_IDENTIFIER = "com.org.MayTheForceBeWith-LucasSantosUITests";
				PRODUCT_NAME = "$(TARGET_NAME)";
				SWIFT_VERSION = 5.0;
				TARGETED_DEVICE_FAMILY = "1,2";
				TEST_TARGET_NAME = MayTheForceBeWith_LucasSantos;
			};
			name = Release;
		};
/* End XCBuildConfiguration section */

/* Begin XCConfigurationList section */
		0A54D42523C5384200CE95CC /* Build configuration list for PBXProject "MayTheForceBeWith_LucasSantos" */ = {
			isa = XCConfigurationList;
			buildConfigurations = (
				0A54D45223C5384400CE95CC /* Debug */,
				0A54D45323C5384400CE95CC /* Release */,
			);
			defaultConfigurationIsVisible = 0;
			defaultConfigurationName = Release;
		};
		0A54D45423C5384400CE95CC /* Build configuration list for PBXNativeTarget "MayTheForceBeWith_LucasSantos" */ = {
			isa = XCConfigurationList;
			buildConfigurations = (
				0A54D45523C5384400CE95CC /* Debug */,
				0A54D45623C5384400CE95CC /* Release */,
			);
			defaultConfigurationIsVisible = 0;
			defaultConfigurationName = Release;
		};
		0A54D45723C5384400CE95CC /* Build configuration list for PBXNativeTarget "MayTheForceBeWith_LucasSantosTests" */ = {
			isa = XCConfigurationList;
			buildConfigurations = (
				0A54D45823C5384400CE95CC /* Debug */,
				0A54D45923C5384400CE95CC /* Release */,
			);
			defaultConfigurationIsVisible = 0;
			defaultConfigurationName = Release;
		};
		0A54D45A23C5384400CE95CC /* Build configuration list for PBXNativeTarget "MayTheForceBeWith_LucasSantosUITests" */ = {
			isa = XCConfigurationList;
			buildConfigurations = (
				0A54D45B23C5384400CE95CC /* Debug */,
				0A54D45C23C5384400CE95CC /* Release */,
			);
			defaultConfigurationIsVisible = 0;
			defaultConfigurationName = Release;
		};
/* End XCConfigurationList section */
	};
	rootObject = 0A54D42223C5384200CE95CC /* Project object */;
}
